
Microsoft Visual Studio Solution File, Format Version 12.00
# Visual Studio Version 17
VisualStudioVersion = 17.4.33110.190
MinimumVisualStudioVersion = 10.0.40219.1
Project("{9A19103F-16F7-4668-BE54-9A1E7A4F7556}") = "21days", "21day\21days.csproj", "{EE4CE81B-74C6-4AEA-83AA-3F8452B878ED}"
EndProject
Project("{9A19103F-16F7-4668-BE54-9A1E7A4F7556}") = "21daysTest", "21dayTest\21daysTest.csproj", "{8C40B929-2425-467F-8655-BE2829F5C600}"
EndProject
Project("{FAE04EC0-301F-11D3-BF4B-00C04F79EFBC}") = "21daysNUnitTest", "21daysNUnitTest\21daysNUnitTest.csproj", "{A461C164-497A-4BD3-A3EC-1A5CA1091527}"
EndProject
Global
	GlobalSection(SolutionConfigurationPlatforms) = preSolution
		Debug|Any CPU = Debug|Any CPU
		Release|Any CPU = Release|Any CPU
	EndGlobalSection
	GlobalSection(ProjectConfigurationPlatforms) = postSolution
		{EE4CE81B-74C6-4AEA-83AA-3F8452B878ED}.Debug|Any CPU.ActiveCfg = Debug|Any CPU
		{EE4CE81B-74C6-4AEA-83AA-3F8452B878ED}.Debug|Any CPU.Build.0 = Debug|Any CPU
		{EE4CE81B-74C6-4AEA-83AA-3F8452B878ED}.Release|Any CPU.ActiveCfg = Release|Any CPU
		{EE4CE81B-74C6-4AEA-83AA-3F8452B878ED}.Release|Any CPU.Build.0 = Release|Any CPU
		{8C40B929-2425-467F-8655-BE2829F5C600}.Debug|Any CPU.ActiveCfg = Debug|Any CPU
		{8C40B929-2425-467F-8655-BE2829F5C600}.Debug|Any CPU.Build.0 = Debug|Any CPU
		{8C40B929-2425-467F-8655-BE2829F5C600}.Release|Any CPU.ActiveCfg = Release|Any CPU
		{8C40B929-2425-467F-8655-BE2829F5C600}.Release|Any CPU.Build.0 = Release|Any CPU
		{A461C164-497A-4BD3-A3EC-1A5CA1091527}.Debug|Any CPU.ActiveCfg = Debug|Any CPU
		{A461C164-497A-4BD3-A3EC-1A5CA1091527}.Debug|Any CPU.Build.0 = Debug|Any CPU
		{A461C164-497A-4BD3-A3EC-1A5CA1091527}.Release|Any CPU.ActiveCfg = Release|Any CPU
		{A461C164-497A-4BD3-A3EC-1A5CA1091527}.Release|Any CPU.Build.0 = Release|Any CPU
	EndGlobalSection
	GlobalSection(SolutionProperties) = preSolution
		HideSolutionNode = FALSE
	EndGlobalSection
	GlobalSection(ExtensibilityGlobals) = postSolution
		SolutionGuid = {7E748FB1-E0A3-4313-B383-C90DFA0ADD33}
	EndGlobalSection
EndGlobal
